
Microsoft Visual Studio Solution File, Format Version 12.00
# Visual Studio 15
VisualStudioVersion = 15.0.27130.2027
MinimumVisualStudioVersion = 10.0.40219.1
Project("{8BC9CEB8-8B4A-11D0-8D11-00A0C91BC942}") = "UThread", "UThread\UThread.vcxproj", "{2650CA3C-1DDE-4D98-96D6-927B382F409A}"
EndProject
Project("{8BC9CEB8-8B4A-11D0-8D11-00A0C91BC942}") = "USynch", "USynch\USynch.vcxproj", "{95B5813F-910D-4159-B3D8-2E8B83F6A1F1}"
EndProject
Project("{8BC9CEB8-8B4A-11D0-8D11-00A0C91BC942}") = "MutexTests", "MutexTests\MutexTests.vcxproj", "{B98B2368-47CB-480D-B892-8E15428841C0}"
EndProject
Project("{2150E333-8FDC-42A3-9474-1A3956D46DE8}") = "Apps", "Apps", "{2E132D63-0446-46E4-8DEB-483BB192E7D5}"
EndProject
Project("{2150E333-8FDC-42A3-9474-1A3956D46DE8}") = "Tests", "Tests", "{0507EB6E-D174-49D6-8193-9E7F65BE2B41}"
EndProject
Project("{8BC9CEB8-8B4A-11D0-8D11-00A0C91BC942}") = "UthreadsTests", "UthreadsTests\UthreadsTests.vcxproj", "{E24FCF02-006B-488F-A62D-84243E4A31A2}"
EndProject
Project("{8BC9CEB8-8B4A-11D0-8D11-00A0C91BC942}") = "InitSynchro", "InitSynchro\InitSynchro.vcxproj", "{747620B4-9720-4488-971E-12C56AF58C92}"
EndProject
Project("{8BC9CEB8-8B4A-11D0-8D11-00A0C91BC942}") = "Exercicio5", "Exercicio5\Exercicio5.vcxproj", "{D74C4C64-CF81-4B87-92BC-4B7C3BA2EE15}"
EndProject
Project("{8BC9CEB8-8B4A-11D0-8D11-00A0C91BC942}") = "Exercicio5OtherProc", "Exercicio5OtherProc\Exercicio5OtherProc.vcxproj", "{D560D5B2-79DF-4010-8A08-0E6C6E1B6254}"
EndProject
Project("{8BC9CEB8-8B4A-11D0-8D11-00A0C91BC942}") = "Exercicio2", "Exercicio2\Exercicio2.vcxproj", "{080792A5-CEA1-45EF-B69B-4A2F722A874D}"
EndProject
Project("{8BC9CEB8-8B4A-11D0-8D11-00A0C91BC942}") = "Exercicio6", "Exercicio6\Exercicio6.vcxproj", "{2EB5CB74-AA8B-4BB0-8DA1-185DD32E6DA7}"
EndProject
Project("{8BC9CEB8-8B4A-11D0-8D11-00A0C91BC942}") = "Exercicio6Child", "Exercicio6Child\Exercicio6Child.vcxproj", "{8B25C92C-D2EE-40AE-9F70-AEFEC5AA1EED}"
EndProject
Project("{8BC9CEB8-8B4A-11D0-8D11-00A0C91BC942}") = "Exercicio1", "Exercicio1\Exercicio1.vcxproj", "{37D3879E-B6CB-428E-B055-78A2D2B98BA5}"
EndProject
Project("{8BC9CEB8-8B4A-11D0-8D11-00A0C91BC942}") = "Exercicio4", "Exercicio4\Exercicio4.vcxproj", "{D0C19FD9-AD49-405D-85D3-4BAEAA3FF375}"
EndProject
Project("{8BC9CEB8-8B4A-11D0-8D11-00A0C91BC942}") = "Exercicio3", "Exercicio3\Exercicio3.vcxproj", "{E2341191-965B-45F8-96D1-A4E116312F29}"
EndProject
Global
	GlobalSection(SolutionConfigurationPlatforms) = preSolution
		Debug|Win32 = Debug|Win32
		Debug|x64 = Debug|x64
		Release|Win32 = Release|Win32
		Release|x64 = Release|x64
	EndGlobalSection
	GlobalSection(ProjectConfigurationPlatforms) = postSolution
		{2650CA3C-1DDE-4D98-96D6-927B382F409A}.Debug|Win32.ActiveCfg = Debug|Win32
		{2650CA3C-1DDE-4D98-96D6-927B382F409A}.Debug|Win32.Build.0 = Debug|Win32
		{2650CA3C-1DDE-4D98-96D6-927B382F409A}.Debug|x64.ActiveCfg = Debug|x64
		{2650CA3C-1DDE-4D98-96D6-927B382F409A}.Debug|x64.Build.0 = Debug|x64
		{2650CA3C-1DDE-4D98-96D6-927B382F409A}.Release|Win32.ActiveCfg = Release|Win32
		{2650CA3C-1DDE-4D98-96D6-927B382F409A}.Release|Win32.Build.0 = Release|Win32
		{2650CA3C-1DDE-4D98-96D6-927B382F409A}.Release|x64.ActiveCfg = Release|x64
		{2650CA3C-1DDE-4D98-96D6-927B382F409A}.Release|x64.Build.0 = Release|x64
		{95B5813F-910D-4159-B3D8-2E8B83F6A1F1}.Debug|Win32.ActiveCfg = Debug|Win32
		{95B5813F-910D-4159-B3D8-2E8B83F6A1F1}.Debug|Win32.Build.0 = Debug|Win32
		{95B5813F-910D-4159-B3D8-2E8B83F6A1F1}.Debug|x64.ActiveCfg = Debug|x64
		{95B5813F-910D-4159-B3D8-2E8B83F6A1F1}.Debug|x64.Build.0 = Debug|x64
		{95B5813F-910D-4159-B3D8-2E8B83F6A1F1}.Release|Win32.ActiveCfg = Release|Win32
		{95B5813F-910D-4159-B3D8-2E8B83F6A1F1}.Release|Win32.Build.0 = Release|Win32
		{95B5813F-910D-4159-B3D8-2E8B83F6A1F1}.Release|x64.ActiveCfg = Release|x64
		{95B5813F-910D-4159-B3D8-2E8B83F6A1F1}.Release|x64.Build.0 = Release|x64
		{B98B2368-47CB-480D-B892-8E15428841C0}.Debug|Win32.ActiveCfg = Debug|Win32
		{B98B2368-47CB-480D-B892-8E15428841C0}.Debug|Win32.Build.0 = Debug|Win32
		{B98B2368-47CB-480D-B892-8E15428841C0}.Debug|x64.ActiveCfg = Debug|Win32
		{B98B2368-47CB-480D-B892-8E15428841C0}.Release|Win32.ActiveCfg = Release|Win32
		{B98B2368-47CB-480D-B892-8E15428841C0}.Release|Win32.Build.0 = Release|Win32
		{B98B2368-47CB-480D-B892-8E15428841C0}.Release|x64.ActiveCfg = Release|Win32
		{E24FCF02-006B-488F-A62D-84243E4A31A2}.Debug|Win32.ActiveCfg = Debug|Win32
		{E24FCF02-006B-488F-A62D-84243E4A31A2}.Debug|Win32.Build.0 = Debug|Win32
		{E24FCF02-006B-488F-A62D-84243E4A31A2}.Debug|x64.ActiveCfg = Debug|x64
		{E24FCF02-006B-488F-A62D-84243E4A31A2}.Debug|x64.Build.0 = Debug|x64
		{E24FCF02-006B-488F-A62D-84243E4A31A2}.Release|Win32.ActiveCfg = Release|Win32
		{E24FCF02-006B-488F-A62D-84243E4A31A2}.Release|Win32.Build.0 = Release|Win32
		{E24FCF02-006B-488F-A62D-84243E4A31A2}.Release|x64.ActiveCfg = Release|x64
		{E24FCF02-006B-488F-A62D-84243E4A31A2}.Release|x64.Build.0 = Release|x64
		{747620B4-9720-4488-971E-12C56AF58C92}.Debug|Win32.ActiveCfg = Debug|Win32
		{747620B4-9720-4488-971E-12C56AF58C92}.Debug|Win32.Build.0 = Debug|Win32
		{747620B4-9720-4488-971E-12C56AF58C92}.Debug|x64.ActiveCfg = Debug|x64
		{747620B4-9720-4488-971E-12C56AF58C92}.Debug|x64.Build.0 = Debug|x64
		{747620B4-9720-4488-971E-12C56AF58C92}.Release|Win32.ActiveCfg = Release|Win32
		{747620B4-9720-4488-971E-12C56AF58C92}.Release|Win32.Build.0 = Release|Win32
		{747620B4-9720-4488-971E-12C56AF58C92}.Release|x64.ActiveCfg = Release|x64
		{747620B4-9720-4488-971E-12C56AF58C92}.Release|x64.Build.0 = Release|x64
		{D74C4C64-CF81-4B87-92BC-4B7C3BA2EE15}.Debug|Win32.ActiveCfg = Debug|Win32
		{D74C4C64-CF81-4B87-92BC-4B7C3BA2EE15}.Debug|Win32.Build.0 = Debug|Win32
		{D74C4C64-CF81-4B87-92BC-4B7C3BA2EE15}.Debug|x64.ActiveCfg = Debug|x64
		{D74C4C64-CF81-4B87-92BC-4B7C3BA2EE15}.Debug|x64.Build.0 = Debug|x64
		{D74C4C64-CF81-4B87-92BC-4B7C3BA2EE15}.Release|Win32.ActiveCfg = Release|Win32
		{D74C4C64-CF81-4B87-92BC-4B7C3BA2EE15}.Release|Win32.Build.0 = Release|Win32
		{D74C4C64-CF81-4B87-92BC-4B7C3BA2EE15}.Release|x64.ActiveCfg = Release|x64
		{D74C4C64-CF81-4B87-92BC-4B7C3BA2EE15}.Release|x64.Build.0 = Release|x64
		{D560D5B2-79DF-4010-8A08-0E6C6E1B6254}.Debug|Win32.ActiveCfg = Debug|Win32
		{D560D5B2-79DF-4010-8A08-0E6C6E1B6254}.Debug|Win32.Build.0 = Debug|Win32
		{D560D5B2-79DF-4010-8A08-0E6C6E1B6254}.Debug|x64.ActiveCfg = Debug|x64
		{D560D5B2-79DF-4010-8A08-0E6C6E1B6254}.Debug|x64.Build.0 = Debug|x64
		{D560D5B2-79DF-4010-8A08-0E6C6E1B6254}.Release|Win32.ActiveCfg = Release|Win32
		{D560D5B2-79DF-4010-8A08-0E6C6E1B6254}.Release|Win32.Build.0 = Release|Win32
		{D560D5B2-79DF-4010-8A08-0E6C6E1B6254}.Release|x64.ActiveCfg = Release|x64
		{D560D5B2-79DF-4010-8A08-0E6C6E1B6254}.Release|x64.Build.0 = Release|x64
		{080792A5-CEA1-45EF-B69B-4A2F722A874D}.Debug|Win32.ActiveCfg = Debug|Win32
		{080792A5-CEA1-45EF-B69B-4A2F722A874D}.Debug|Win32.Build.0 = Debug|Win32
		{080792A5-CEA1-45EF-B69B-4A2F722A874D}.Debug|x64.ActiveCfg = Debug|x64
		{080792A5-CEA1-45EF-B69B-4A2F722A874D}.Debug|x64.Build.0 = Debug|x64
		{080792A5-CEA1-45EF-B69B-4A2F722A874D}.Release|Win32.ActiveCfg = Release|Win32
		{080792A5-CEA1-45EF-B69B-4A2F722A874D}.Release|Win32.Build.0 = Release|Win32
		{080792A5-CEA1-45EF-B69B-4A2F722A874D}.Release|x64.ActiveCfg = Release|x64
		{080792A5-CEA1-45EF-B69B-4A2F722A874D}.Release|x64.Build.0 = Release|x64
		{2EB5CB74-AA8B-4BB0-8DA1-185DD32E6DA7}.Debug|Win32.ActiveCfg = Debug|Win32
		{2EB5CB74-AA8B-4BB0-8DA1-185DD32E6DA7}.Debug|Win32.Build.0 = Debug|Win32
		{2EB5CB74-AA8B-4BB0-8DA1-185DD32E6DA7}.Debug|x64.ActiveCfg = Debug|x64
		{2EB5CB74-AA8B-4BB0-8DA1-185DD32E6DA7}.Debug|x64.Build.0 = Debug|x64
		{2EB5CB74-AA8B-4BB0-8DA1-185DD32E6DA7}.Release|Win32.ActiveCfg = Release|Win32
		{2EB5CB74-AA8B-4BB0-8DA1-185DD32E6DA7}.Release|Win32.Build.0 = Release|Win32
		{2EB5CB74-AA8B-4BB0-8DA1-185DD32E6DA7}.Release|x64.ActiveCfg = Release|x64
		{2EB5CB74-AA8B-4BB0-8DA1-185DD32E6DA7}.Release|x64.Build.0 = Release|x64
		{8B25C92C-D2EE-40AE-9F70-AEFEC5AA1EED}.Debug|Win32.ActiveCfg = Debug|Win32
		{8B25C92C-D2EE-40AE-9F70-AEFEC5AA1EED}.Debug|Win32.Build.0 = Debug|Win32
		{8B25C92C-D2EE-40AE-9F70-AEFEC5AA1EED}.Debug|x64.ActiveCfg = Debug|x64
		{8B25C92C-D2EE-40AE-9F70-AEFEC5AA1EED}.Debug|x64.Build.0 = Debug|x64
		{8B25C92C-D2EE-40AE-9F70-AEFEC5AA1EED}.Release|Win32.ActiveCfg = Release|Win32
		{8B25C92C-D2EE-40AE-9F70-AEFEC5AA1EED}.Release|Win32.Build.0 = Release|Win32
		{8B25C92C-D2EE-40AE-9F70-AEFEC5AA1EED}.Release|x64.ActiveCfg = Release|x64
		{8B25C92C-D2EE-40AE-9F70-AEFEC5AA1EED}.Release|x64.Build.0 = Release|x64
		{37D3879E-B6CB-428E-B055-78A2D2B98BA5}.Debug|Win32.ActiveCfg = Debug|Win32
		{37D3879E-B6CB-428E-B055-78A2D2B98BA5}.Debug|Win32.Build.0 = Debug|Win32
		{37D3879E-B6CB-428E-B055-78A2D2B98BA5}.Debug|x64.ActiveCfg = Debug|x64
		{37D3879E-B6CB-428E-B055-78A2D2B98BA5}.Debug|x64.Build.0 = Debug|x64
		{37D3879E-B6CB-428E-B055-78A2D2B98BA5}.Release|Win32.ActiveCfg = Release|Win32
		{37D3879E-B6CB-428E-B055-78A2D2B98BA5}.Release|Win32.Build.0 = Release|Win32
		{37D3879E-B6CB-428E-B055-78A2D2B98BA5}.Release|x64.ActiveCfg = Release|x64
		{37D3879E-B6CB-428E-B055-78A2D2B98BA5}.Release|x64.Build.0 = Release|x64
		{D0C19FD9-AD49-405D-85D3-4BAEAA3FF375}.Debug|Win32.ActiveCfg = Debug|Win32
		{D0C19FD9-AD49-405D-85D3-4BAEAA3FF375}.Debug|Win32.Build.0 = Debug|Win32
		{D0C19FD9-AD49-405D-85D3-4BAEAA3FF375}.Debug|x64.ActiveCfg = Debug|x64
		{D0C19FD9-AD49-405D-85D3-4BAEAA3FF375}.Debug|x64.Build.0 = Debug|x64
		{D0C19FD9-AD49-405D-85D3-4BAEAA3FF375}.Release|Win32.ActiveCfg = Release|Win32
		{D0C19FD9-AD49-405D-85D3-4BAEAA3FF375}.Release|Win32.Build.0 = Release|Win32
		{D0C19FD9-AD49-405D-85D3-4BAEAA3FF375}.Release|x64.ActiveCfg = Release|x64
		{D0C19FD9-AD49-405D-85D3-4BAEAA3FF375}.Release|x64.Build.0 = Release|x64
		{E2341191-965B-45F8-96D1-A4E116312F29}.Debug|Win32.ActiveCfg = Debug|Win32
		{E2341191-965B-45F8-96D1-A4E116312F29}.Debug|Win32.Build.0 = Debug|Win32
		{E2341191-965B-45F8-96D1-A4E116312F29}.Debug|x64.ActiveCfg = Debug|x64
		{E2341191-965B-45F8-96D1-A4E116312F29}.Debug|x64.Build.0 = Debug|x64
		{E2341191-965B-45F8-96D1-A4E116312F29}.Release|Win32.ActiveCfg = Release|Win32
		{E2341191-965B-45F8-96D1-A4E116312F29}.Release|Win32.Build.0 = Release|Win32
		{E2341191-965B-45F8-96D1-A4E116312F29}.Release|x64.ActiveCfg = Release|x64
		{E2341191-965B-45F8-96D1-A4E116312F29}.Release|x64.Build.0 = Release|x64
	EndGlobalSection
	GlobalSection(SolutionProperties) = preSolution
		HideSolutionNode = FALSE
	EndGlobalSection
	GlobalSection(NestedProjects) = preSolution
		{B98B2368-47CB-480D-B892-8E15428841C0} = {2E132D63-0446-46E4-8DEB-483BB192E7D5}
		{E24FCF02-006B-488F-A62D-84243E4A31A2} = {0507EB6E-D174-49D6-8193-9E7F65BE2B41}
		{747620B4-9720-4488-971E-12C56AF58C92} = {2E132D63-0446-46E4-8DEB-483BB192E7D5}
		{D74C4C64-CF81-4B87-92BC-4B7C3BA2EE15} = {2E132D63-0446-46E4-8DEB-483BB192E7D5}
		{D560D5B2-79DF-4010-8A08-0E6C6E1B6254} = {2E132D63-0446-46E4-8DEB-483BB192E7D5}
		{080792A5-CEA1-45EF-B69B-4A2F722A874D} = {2E132D63-0446-46E4-8DEB-483BB192E7D5}
		{2EB5CB74-AA8B-4BB0-8DA1-185DD32E6DA7} = {2E132D63-0446-46E4-8DEB-483BB192E7D5}
		{8B25C92C-D2EE-40AE-9F70-AEFEC5AA1EED} = {2E132D63-0446-46E4-8DEB-483BB192E7D5}
		{37D3879E-B6CB-428E-B055-78A2D2B98BA5} = {2E132D63-0446-46E4-8DEB-483BB192E7D5}
		{D0C19FD9-AD49-405D-85D3-4BAEAA3FF375} = {2E132D63-0446-46E4-8DEB-483BB192E7D5}
		{E2341191-965B-45F8-96D1-A4E116312F29} = {2E132D63-0446-46E4-8DEB-483BB192E7D5}
	EndGlobalSection
	GlobalSection(ExtensibilityGlobals) = postSolution
		SolutionGuid = {5262DB35-B32B-430C-8F13-0C162B180391}
	EndGlobalSection
EndGlobal
